
Microsoft Visual Studio Solution File, Format Version 12.00
# Visual Studio Version 16
VisualStudioVersion = 16.0.30503.244
MinimumVisualStudioVersion = 10.0.40219.1
Project("{FAE04EC0-301F-11D3-BF4B-00C04F79EFBC}") = "QueuingSystem", "QueuingSystem\QueuingSystem.csproj", "{21CC3784-1B66-4AAE-8BC7-A21EC4CCDB84}"
EndProject
Global
	GlobalSection(SolutionConfigurationPlatforms) = preSolution
		Debug|Any CPU = Debug|Any CPU
		Release|Any CPU = Release|Any CPU
	EndGlobalSection
	GlobalSection(ProjectConfigurationPlatforms) = postSolution
		{21CC3784-1B66-4AAE-8BC7-A21EC4CCDB84}.Debug|Any CPU.ActiveCfg = Debug|Any CPU
		{21CC3784-1B66-4AAE-8BC7-A21EC4CCDB84}.Debug|Any CPU.Build.0 = Debug|Any CPU
		{21CC3784-1B66-4AAE-8BC7-A21EC4CCDB84}.Release|Any CPU.ActiveCfg = Release|Any CPU
		{21CC3784-1B66-4AAE-8BC7-A21EC4CCDB84}.Release|Any CPU.Build.0 = Release|Any CPU
	EndGlobalSection
	GlobalSection(SolutionProperties) = preSolution
		HideSolutionNode = FALSE
	EndGlobalSection
	GlobalSection(ExtensibilityGlobals) = postSolution
		SolutionGuid = {E8B164A7-C56D-4C3E-B0A4-5CBE6E5AD0DE}
	EndGlobalSection
EndGlobal
